
Microsoft Visual Studio Solution File, Format Version 12.00
# Visual Studio Version 16
VisualStudioVersion = 16.0.30503.244
MinimumVisualStudioVersion = 10.0.40219.1
Project("{FAE04EC0-301F-11D3-BF4B-00C04F79EFBC}") = "OreonCinema.Web", "OreonCinema.Web\OreonCinema.Web.csproj", "{C4EE8975-FAB2-4831-A04E-E720F6C60D3F}"
EndProject
Global
	GlobalSection(SolutionConfigurationPlatforms) = preSolution
		Debug|Any CPU = Debug|Any CPU
		Release|Any CPU = Release|Any CPU
	EndGlobalSection
	GlobalSection(ProjectConfigurationPlatforms) = postSolution
		{C4EE8975-FAB2-4831-A04E-E720F6C60D3F}.Debug|Any CPU.ActiveCfg = Debug|Any CPU
		{C4EE8975-FAB2-4831-A04E-E720F6C60D3F}.Debug|Any CPU.Build.0 = Debug|Any CPU
		{C4EE8975-FAB2-4831-A04E-E720F6C60D3F}.Release|Any CPU.ActiveCfg = Release|Any CPU
		{C4EE8975-FAB2-4831-A04E-E720F6C60D3F}.Release|Any CPU.Build.0 = Release|Any CPU
	EndGlobalSection
	GlobalSection(SolutionProperties) = preSolution
		HideSolutionNode = FALSE
	EndGlobalSection
	GlobalSection(ExtensibilityGlobals) = postSolution
		SolutionGuid = {A5A76304-288D-43E5-8F60-D3DCA091398D}
	EndGlobalSection
EndGlobal
