
Microsoft Visual Studio Solution File, Format Version 12.00
# Visual Studio Version 16
VisualStudioVersion = 16.0.30503.244
MinimumVisualStudioVersion = 10.0.40219.1
Project("{9A19103F-16F7-4668-BE54-9A1E7A4F7556}") = "OreonCinema.Domain", "OreonCinema.Domain\OreonCinema.Domain.csproj", "{CFFF34E5-635C-415E-B520-85CC4DBFBFD1}"
EndProject
Global
	GlobalSection(SolutionConfigurationPlatforms) = preSolution
		Debug|Any CPU = Debug|Any CPU
		Release|Any CPU = Release|Any CPU
	EndGlobalSection
	GlobalSection(ProjectConfigurationPlatforms) = postSolution
		{CFFF34E5-635C-415E-B520-85CC4DBFBFD1}.Debug|Any CPU.ActiveCfg = Debug|Any CPU
		{CFFF34E5-635C-415E-B520-85CC4DBFBFD1}.Debug|Any CPU.Build.0 = Debug|Any CPU
		{CFFF34E5-635C-415E-B520-85CC4DBFBFD1}.Release|Any CPU.ActiveCfg = Release|Any CPU
		{CFFF34E5-635C-415E-B520-85CC4DBFBFD1}.Release|Any CPU.Build.0 = Release|Any CPU
	EndGlobalSection
	GlobalSection(SolutionProperties) = preSolution
		HideSolutionNode = FALSE
	EndGlobalSection
	GlobalSection(ExtensibilityGlobals) = postSolution
		SolutionGuid = {A5A76304-288D-43E5-8F60-D3DCA091398D}
	EndGlobalSection
EndGlobal
